
Microsoft Visual Studio Solution File, Format Version 12.00
# Visual Studio Version 17
VisualStudioVersion = 17.6.33829.357
MinimumVisualStudioVersion = 10.0.40219.1
Project("{9A19103F-16F7-4668-BE54-9A1E7A4F7556}") = "Day01", "Day01\Day01.csproj", "{94247303-DBF4-4ECC-83D7-C55AE8E0A534}"
EndProject
Project("{9A19103F-16F7-4668-BE54-9A1E7A4F7556}") = "Day02", "Day02\Day02.csproj", "{9F0E1637-692C-4191-98F7-7E15827BFDB7}"
EndProject
Global
	GlobalSection(SolutionConfigurationPlatforms) = preSolution
		Debug|Any CPU = Debug|Any CPU
		Release|Any CPU = Release|Any CPU
	EndGlobalSection
	GlobalSection(ProjectConfigurationPlatforms) = postSolution
		{94247303-DBF4-4ECC-83D7-C55AE8E0A534}.Debug|Any CPU.ActiveCfg = Debug|Any CPU
		{94247303-DBF4-4ECC-83D7-C55AE8E0A534}.Debug|Any CPU.Build.0 = Debug|Any CPU
		{94247303-DBF4-4ECC-83D7-C55AE8E0A534}.Release|Any CPU.ActiveCfg = Release|Any CPU
		{94247303-DBF4-4ECC-83D7-C55AE8E0A534}.Release|Any CPU.Build.0 = Release|Any CPU
		{9F0E1637-692C-4191-98F7-7E15827BFDB7}.Debug|Any CPU.ActiveCfg = Debug|Any CPU
		{9F0E1637-692C-4191-98F7-7E15827BFDB7}.Debug|Any CPU.Build.0 = Debug|Any CPU
		{9F0E1637-692C-4191-98F7-7E15827BFDB7}.Release|Any CPU.ActiveCfg = Release|Any CPU
		{9F0E1637-692C-4191-98F7-7E15827BFDB7}.Release|Any CPU.Build.0 = Release|Any CPU
	EndGlobalSection
	GlobalSection(SolutionProperties) = preSolution
		HideSolutionNode = FALSE
	EndGlobalSection
	GlobalSection(ExtensibilityGlobals) = postSolution
		SolutionGuid = {6789129E-98F4-4362-BA54-44A558E2CC1A}
	EndGlobalSection
EndGlobal
