
Microsoft Visual Studio Solution File, Format Version 12.00
# Visual Studio Version 17
VisualStudioVersion = 17.6.33829.357
MinimumVisualStudioVersion = 10.0.40219.1
Project("{FAE04EC0-301F-11D3-BF4B-00C04F79EFBC}") = "Day01", "Day01.csproj", "{BC69AA3E-0C92-4321-A997-FADCF36E9900}"
EndProject
Global
	GlobalSection(SolutionConfigurationPlatforms) = preSolution
		Debug|Any CPU = Debug|Any CPU
		Release|Any CPU = Release|Any CPU
	EndGlobalSection
	GlobalSection(ProjectConfigurationPlatforms) = postSolution
		{BC69AA3E-0C92-4321-A997-FADCF36E9900}.Debug|Any CPU.ActiveCfg = Debug|Any CPU
		{BC69AA3E-0C92-4321-A997-FADCF36E9900}.Debug|Any CPU.Build.0 = Debug|Any CPU
		{BC69AA3E-0C92-4321-A997-FADCF36E9900}.Release|Any CPU.ActiveCfg = Release|Any CPU
		{BC69AA3E-0C92-4321-A997-FADCF36E9900}.Release|Any CPU.Build.0 = Release|Any CPU
	EndGlobalSection
	GlobalSection(SolutionProperties) = preSolution
		HideSolutionNode = FALSE
	EndGlobalSection
	GlobalSection(ExtensibilityGlobals) = postSolution
		SolutionGuid = {6789129E-98F4-4362-BA54-44A558E2CC1A}
	EndGlobalSection
EndGlobal
